{
	"name": "nuxt-aws-lambda",
	"version": "1.5.0",
	"lockfileVersion": 1,
	"requires": true,
	"dependencies": {
		"@vendia/serverless-express": {
			"version": "4.3.4",
			"resolved": "https://registry.npmjs.org/@vendia/serverless-express/-/serverless-express-4.3.4.tgz",
			"integrity": "sha512-CAZ9/CheqSWIPptDNIae2CsgDnog6UZ/lgT7vWFcpmLG4qy+w4CWlzccxAwH8p5fwQNvNkEnA0Og5g2PXBDLYg=="
		}
	}
}
