{
	"name": "nuxt-aws-lambda",
	"version": "1.5.0",
	"lockfileVersion": 2,
	"requires": true,
	"packages": {
		"": {
			"version": "1.5.0",
			"license": "MIT",
			"dependencies": {
				"@vendia/serverless-express": "^4.3.4"
			}
		},
		"node_modules/@vendia/serverless-express": {
			"version": "4.3.4",
			"resolved": "https://registry.npmjs.org/@vendia/serverless-express/-/serverless-express-4.3.4.tgz",
			"integrity": "sha512-CAZ9/CheqSWIPptDNIae2CsgDnog6UZ/lgT7vWFcpmLG4qy+w4CWlzccxAwH8p5fwQNvNkEnA0Og5g2PXBDLYg==",
			"engines": {
				"node": ">=12"
			}
		}
	},
	"dependencies": {
		"@vendia/serverless-express": {
			"version": "4.3.4",
			"resolved": "https://registry.npmjs.org/@vendia/serverless-express/-/serverless-express-4.3.4.tgz",
			"integrity": "sha512-CAZ9/CheqSWIPptDNIae2CsgDnog6UZ/lgT7vWFcpmLG4qy+w4CWlzccxAwH8p5fwQNvNkEnA0Og5g2PXBDLYg=="
		}
	}
}
